
Microsoft Visual Studio Solution File, Format Version 12.00
# Visual Studio Version 16
VisualStudioVersion = 16.0.30523.141
MinimumVisualStudioVersion = 10.0.40219.1
Project("{D954291E-2A0B-460D-934E-DC6B0785DB48}") = "UnoBlankTemplate.Shared", "UnoBlankTemplate\UnoBlankTemplate.Shared\UnoBlankTemplate.Shared.shproj", "{6279C845-92F8-4333-AB99-3D213163593C}"
EndProject
Project("{FAE04EC0-301F-11D3-BF4B-00C04F79EFBC}") = "UnoBlankTemplate.Droid", "UnoBlankTemplate\Platforms\UnoBlankTemplate.Droid\UnoBlankTemplate.Droid.csproj", "{F219901B-0664-414F-9FFF-F77F0B587FF3}"
EndProject
Project("{FAE04EC0-301F-11D3-BF4B-00C04F79EFBC}") = "UnoBlankTemplate.iOS", "UnoBlankTemplate\Platforms\UnoBlankTemplate.iOS\UnoBlankTemplate.iOS.csproj", "{E789F029-8B45-45ED-8AFE-9F447F3DE7B9}"
EndProject
Project("{FAE04EC0-301F-11D3-BF4B-00C04F79EFBC}") = "UnoBlankTemplate.UWP", "UnoBlankTemplate\Platforms\UnoBlankTemplate.UWP\UnoBlankTemplate.UWP.csproj", "{8CAF95F4-B634-4B34-88C0-90A9B4770C16}"
EndProject
Project("{9A19103F-16F7-4668-BE54-9A1E7A4F7556}") = "UnoBlankTemplate.Wasm", "UnoBlankTemplate\Platforms\UnoBlankTemplate.Wasm\UnoBlankTemplate.Wasm.csproj", "{4AAD1503-A1AB-46D0-8C50-E5FD8D15F616}"
EndProject
Project("{FAE04EC0-301F-11D3-BF4B-00C04F79EFBC}") = "UnoBlankTemplate.macOS", "UnoBlankTemplate\Platforms\UnoBlankTemplate.macOS\UnoBlankTemplate.macOS.csproj", "{534ABFB7-2C8D-4AE3-BFF0-63CC22386EEF}"
EndProject
Project("{2150E333-8FDC-42A3-9474-1A3956D46DE8}") = "Platforms", "Platforms", "{BB963EF1-915F-45AB-9681-DF3963A8EF22}"
EndProject
Project("{9A19103F-16F7-4668-BE54-9A1E7A4F7556}") = "UnoBlankTemplate.Core", "UnoBlankTemplate\UnoBlankTemplate.Core\UnoBlankTemplate.Core.csproj", "{8E51E1C0-D2A5-4680-8888-43B7224C6FC6}"
EndProject
Global
	GlobalSection(SharedMSBuildProjectFiles) = preSolution
		UnoBlankTemplate\UnoBlankTemplate.Shared\UnoBlankTemplate.Shared.projitems*{4aad1503-a1ab-46d0-8c50-e5fd8d15f616}*SharedItemsImports = 5
		UnoBlankTemplate\UnoBlankTemplate.Shared\UnoBlankTemplate.Shared.projitems*{534abfb7-2c8d-4ae3-bff0-63cc22386eef}*SharedItemsImports = 4
		UnoBlankTemplate\UnoBlankTemplate.Shared\UnoBlankTemplate.Shared.projitems*{6279c845-92f8-4333-ab99-3d213163593c}*SharedItemsImports = 13
		UnoBlankTemplate\UnoBlankTemplate.Shared\UnoBlankTemplate.Shared.projitems*{8caf95f4-b634-4b34-88c0-90a9b4770c16}*SharedItemsImports = 4
		UnoBlankTemplate\UnoBlankTemplate.Shared\UnoBlankTemplate.Shared.projitems*{e789f029-8b45-45ed-8afe-9f447f3de7b9}*SharedItemsImports = 4
		UnoBlankTemplate\UnoBlankTemplate.Shared\UnoBlankTemplate.Shared.projitems*{f219901b-0664-414f-9fff-f77f0b587ff3}*SharedItemsImports = 4
	EndGlobalSection
	GlobalSection(SolutionConfigurationPlatforms) = preSolution
		Ad-Hoc|Any CPU = Ad-Hoc|Any CPU
		Ad-Hoc|ARM = Ad-Hoc|ARM
		Ad-Hoc|ARM64 = Ad-Hoc|ARM64
		Ad-Hoc|iPhone = Ad-Hoc|iPhone
		Ad-Hoc|iPhoneSimulator = Ad-Hoc|iPhoneSimulator
		Ad-Hoc|x64 = Ad-Hoc|x64
		Ad-Hoc|x86 = Ad-Hoc|x86
		AppStore|Any CPU = AppStore|Any CPU
		AppStore|ARM = AppStore|ARM
		AppStore|ARM64 = AppStore|ARM64
		AppStore|iPhone = AppStore|iPhone
		AppStore|iPhoneSimulator = AppStore|iPhoneSimulator
		AppStore|x64 = AppStore|x64
		AppStore|x86 = AppStore|x86
		Debug|Any CPU = Debug|Any CPU
		Debug|ARM = Debug|ARM
		Debug|ARM64 = Debug|ARM64
		Debug|iPhone = Debug|iPhone
		Debug|iPhoneSimulator = Debug|iPhoneSimulator
		Debug|x64 = Debug|x64
		Debug|x86 = Debug|x86
		Release|Any CPU = Release|Any CPU
		Release|ARM = Release|ARM
		Release|ARM64 = Release|ARM64
		Release|iPhone = Release|iPhone
		Release|iPhoneSimulator = Release|iPhoneSimulator
		Release|x64 = Release|x64
		Release|x86 = Release|x86
	EndGlobalSection
	GlobalSection(ProjectConfigurationPlatforms) = postSolution
		{F219901B-0664-414F-9FFF-F77F0B587FF3}.Ad-Hoc|Any CPU.ActiveCfg = Debug|Any CPU
		{F219901B-0664-414F-9FFF-F77F0B587FF3}.Ad-Hoc|Any CPU.Build.0 = Debug|Any CPU
		{F219901B-0664-414F-9FFF-F77F0B587FF3}.Ad-Hoc|Any CPU.Deploy.0 = Debug|Any CPU
		{F219901B-0664-414F-9FFF-F77F0B587FF3}.Ad-Hoc|ARM.ActiveCfg = Debug|Any CPU
		{F219901B-0664-414F-9FFF-F77F0B587FF3}.Ad-Hoc|ARM.Build.0 = Debug|Any CPU
		{F219901B-0664-414F-9FFF-F77F0B587FF3}.Ad-Hoc|ARM.Deploy.0 = Debug|Any CPU
		{F219901B-0664-414F-9FFF-F77F0B587FF3}.Ad-Hoc|ARM64.ActiveCfg = Debug|Any CPU
		{F219901B-0664-414F-9FFF-F77F0B587FF3}.Ad-Hoc|ARM64.Build.0 = Debug|Any CPU
		{F219901B-0664-414F-9FFF-F77F0B587FF3}.Ad-Hoc|ARM64.Deploy.0 = Debug|Any CPU
		{F219901B-0664-414F-9FFF-F77F0B587FF3}.Ad-Hoc|iPhone.ActiveCfg = Debug|Any CPU
		{F219901B-0664-414F-9FFF-F77F0B587FF3}.Ad-Hoc|iPhone.Build.0 = Debug|Any CPU
		{F219901B-0664-414F-9FFF-F77F0B587FF3}.Ad-Hoc|iPhone.Deploy.0 = Debug|Any CPU
		{F219901B-0664-414F-9FFF-F77F0B587FF3}.Ad-Hoc|iPhoneSimulator.ActiveCfg = Debug|Any CPU
		{F219901B-0664-414F-9FFF-F77F0B587FF3}.Ad-Hoc|iPhoneSimulator.Build.0 = Debug|Any CPU
		{F219901B-0664-414F-9FFF-F77F0B587FF3}.Ad-Hoc|iPhoneSimulator.Deploy.0 = Debug|Any CPU
		{F219901B-0664-414F-9FFF-F77F0B587FF3}.Ad-Hoc|x64.ActiveCfg = Debug|Any CPU
		{F219901B-0664-414F-9FFF-F77F0B587FF3}.Ad-Hoc|x64.Build.0 = Debug|Any CPU
		{F219901B-0664-414F-9FFF-F77F0B587FF3}.Ad-Hoc|x64.Deploy.0 = Debug|Any CPU
		{F219901B-0664-414F-9FFF-F77F0B587FF3}.Ad-Hoc|x86.ActiveCfg = Debug|Any CPU
		{F219901B-0664-414F-9FFF-F77F0B587FF3}.Ad-Hoc|x86.Build.0 = Debug|Any CPU
		{F219901B-0664-414F-9FFF-F77F0B587FF3}.Ad-Hoc|x86.Deploy.0 = Debug|Any CPU
		{F219901B-0664-414F-9FFF-F77F0B587FF3}.AppStore|Any CPU.ActiveCfg = Debug|Any CPU
		{F219901B-0664-414F-9FFF-F77F0B587FF3}.AppStore|Any CPU.Build.0 = Debug|Any CPU
		{F219901B-0664-414F-9FFF-F77F0B587FF3}.AppStore|Any CPU.Deploy.0 = Debug|Any CPU
		{F219901B-0664-414F-9FFF-F77F0B587FF3}.AppStore|ARM.ActiveCfg = Debug|Any CPU
		{F219901B-0664-414F-9FFF-F77F0B587FF3}.AppStore|ARM.Build.0 = Debug|Any CPU
		{F219901B-0664-414F-9FFF-F77F0B587FF3}.AppStore|ARM.Deploy.0 = Debug|Any CPU
		{F219901B-0664-414F-9FFF-F77F0B587FF3}.AppStore|ARM64.ActiveCfg = Debug|Any CPU
		{F219901B-0664-414F-9FFF-F77F0B587FF3}.AppStore|ARM64.Build.0 = Debug|Any CPU
		{F219901B-0664-414F-9FFF-F77F0B587FF3}.AppStore|ARM64.Deploy.0 = Debug|Any CPU
		{F219901B-0664-414F-9FFF-F77F0B587FF3}.AppStore|iPhone.ActiveCfg = Debug|Any CPU
		{F219901B-0664-414F-9FFF-F77F0B587FF3}.AppStore|iPhone.Build.0 = Debug|Any CPU
		{F219901B-0664-414F-9FFF-F77F0B587FF3}.AppStore|iPhone.Deploy.0 = Debug|Any CPU
		{F219901B-0664-414F-9FFF-F77F0B587FF3}.AppStore|iPhoneSimulator.ActiveCfg = Debug|Any CPU
		{F219901B-0664-414F-9FFF-F77F0B587FF3}.AppStore|iPhoneSimulator.Build.0 = Debug|Any CPU
		{F219901B-0664-414F-9FFF-F77F0B587FF3}.AppStore|iPhoneSimulator.Deploy.0 = Debug|Any CPU
		{F219901B-0664-414F-9FFF-F77F0B587FF3}.AppStore|x64.ActiveCfg = Debug|Any CPU
		{F219901B-0664-414F-9FFF-F77F0B587FF3}.AppStore|x64.Build.0 = Debug|Any CPU
		{F219901B-0664-414F-9FFF-F77F0B587FF3}.AppStore|x64.Deploy.0 = Debug|Any CPU
		{F219901B-0664-414F-9FFF-F77F0B587FF3}.AppStore|x86.ActiveCfg = Debug|Any CPU
		{F219901B-0664-414F-9FFF-F77F0B587FF3}.AppStore|x86.Build.0 = Debug|Any CPU
		{F219901B-0664-414F-9FFF-F77F0B587FF3}.AppStore|x86.Deploy.0 = Debug|Any CPU
		{F219901B-0664-414F-9FFF-F77F0B587FF3}.Debug|Any CPU.ActiveCfg = Debug|Any CPU
		{F219901B-0664-414F-9FFF-F77F0B587FF3}.Debug|Any CPU.Build.0 = Debug|Any CPU
		{F219901B-0664-414F-9FFF-F77F0B587FF3}.Debug|Any CPU.Deploy.0 = Debug|Any CPU
		{F219901B-0664-414F-9FFF-F77F0B587FF3}.Debug|ARM.ActiveCfg = Debug|Any CPU
		{F219901B-0664-414F-9FFF-F77F0B587FF3}.Debug|ARM.Build.0 = Debug|Any CPU
		{F219901B-0664-414F-9FFF-F77F0B587FF3}.Debug|ARM.Deploy.0 = Debug|Any CPU
		{F219901B-0664-414F-9FFF-F77F0B587FF3}.Debug|ARM64.ActiveCfg = Debug|Any CPU
		{F219901B-0664-414F-9FFF-F77F0B587FF3}.Debug|ARM64.Build.0 = Debug|Any CPU
		{F219901B-0664-414F-9FFF-F77F0B587FF3}.Debug|ARM64.Deploy.0 = Debug|Any CPU
		{F219901B-0664-414F-9FFF-F77F0B587FF3}.Debug|iPhone.ActiveCfg = Debug|Any CPU
		{F219901B-0664-414F-9FFF-F77F0B587FF3}.Debug|iPhone.Build.0 = Debug|Any CPU
		{F219901B-0664-414F-9FFF-F77F0B587FF3}.Debug|iPhone.Deploy.0 = Debug|Any CPU
		{F219901B-0664-414F-9FFF-F77F0B587FF3}.Debug|iPhoneSimulator.ActiveCfg = Debug|Any CPU
		{F219901B-0664-414F-9FFF-F77F0B587FF3}.Debug|iPhoneSimulator.Build.0 = Debug|Any CPU
		{F219901B-0664-414F-9FFF-F77F0B587FF3}.Debug|iPhoneSimulator.Deploy.0 = Debug|Any CPU
		{F219901B-0664-414F-9FFF-F77F0B587FF3}.Debug|x64.ActiveCfg = Debug|Any CPU
		{F219901B-0664-414F-9FFF-F77F0B587FF3}.Debug|x64.Build.0 = Debug|Any CPU
		{F219901B-0664-414F-9FFF-F77F0B587FF3}.Debug|x64.Deploy.0 = Debug|Any CPU
		{F219901B-0664-414F-9FFF-F77F0B587FF3}.Debug|x86.ActiveCfg = Debug|Any CPU
		{F219901B-0664-414F-9FFF-F77F0B587FF3}.Debug|x86.Build.0 = Debug|Any CPU
		{F219901B-0664-414F-9FFF-F77F0B587FF3}.Debug|x86.Deploy.0 = Debug|Any CPU
		{F219901B-0664-414F-9FFF-F77F0B587FF3}.Release|Any CPU.ActiveCfg = Release|Any CPU
		{F219901B-0664-414F-9FFF-F77F0B587FF3}.Release|Any CPU.Build.0 = Release|Any CPU
		{F219901B-0664-414F-9FFF-F77F0B587FF3}.Release|Any CPU.Deploy.0 = Release|Any CPU
		{F219901B-0664-414F-9FFF-F77F0B587FF3}.Release|ARM.ActiveCfg = Release|Any CPU
		{F219901B-0664-414F-9FFF-F77F0B587FF3}.Release|ARM.Build.0 = Release|Any CPU
		{F219901B-0664-414F-9FFF-F77F0B587FF3}.Release|ARM.Deploy.0 = Release|Any CPU
		{F219901B-0664-414F-9FFF-F77F0B587FF3}.Release|ARM64.ActiveCfg = Release|Any CPU
		{F219901B-0664-414F-9FFF-F77F0B587FF3}.Release|ARM64.Build.0 = Release|Any CPU
		{F219901B-0664-414F-9FFF-F77F0B587FF3}.Release|ARM64.Deploy.0 = Release|Any CPU
		{F219901B-0664-414F-9FFF-F77F0B587FF3}.Release|iPhone.ActiveCfg = Release|Any CPU
		{F219901B-0664-414F-9FFF-F77F0B587FF3}.Release|iPhone.Build.0 = Release|Any CPU
		{F219901B-0664-414F-9FFF-F77F0B587FF3}.Release|iPhone.Deploy.0 = Release|Any CPU
		{F219901B-0664-414F-9FFF-F77F0B587FF3}.Release|iPhoneSimulator.ActiveCfg = Release|Any CPU
		{F219901B-0664-414F-9FFF-F77F0B587FF3}.Release|iPhoneSimulator.Build.0 = Release|Any CPU
		{F219901B-0664-414F-9FFF-F77F0B587FF3}.Release|iPhoneSimulator.Deploy.0 = Release|Any CPU
		{F219901B-0664-414F-9FFF-F77F0B587FF3}.Release|x64.ActiveCfg = Release|Any CPU
		{F219901B-0664-414F-9FFF-F77F0B587FF3}.Release|x64.Build.0 = Release|Any CPU
		{F219901B-0664-414F-9FFF-F77F0B587FF3}.Release|x64.Deploy.0 = Release|Any CPU
		{F219901B-0664-414F-9FFF-F77F0B587FF3}.Release|x86.ActiveCfg = Release|Any CPU
		{F219901B-0664-414F-9FFF-F77F0B587FF3}.Release|x86.Build.0 = Release|Any CPU
		{F219901B-0664-414F-9FFF-F77F0B587FF3}.Release|x86.Deploy.0 = Release|Any CPU
		{E789F029-8B45-45ED-8AFE-9F447F3DE7B9}.Ad-Hoc|Any CPU.ActiveCfg = Ad-Hoc|iPhoneSimulator
		{E789F029-8B45-45ED-8AFE-9F447F3DE7B9}.Ad-Hoc|ARM.ActiveCfg = Ad-Hoc|iPhoneSimulator
		{E789F029-8B45-45ED-8AFE-9F447F3DE7B9}.Ad-Hoc|ARM64.ActiveCfg = Ad-Hoc|iPhoneSimulator
		{E789F029-8B45-45ED-8AFE-9F447F3DE7B9}.Ad-Hoc|iPhone.ActiveCfg = Ad-Hoc|iPhone
		{E789F029-8B45-45ED-8AFE-9F447F3DE7B9}.Ad-Hoc|iPhone.Build.0 = Ad-Hoc|iPhone
		{E789F029-8B45-45ED-8AFE-9F447F3DE7B9}.Ad-Hoc|iPhoneSimulator.ActiveCfg = Ad-Hoc|iPhoneSimulator
		{E789F029-8B45-45ED-8AFE-9F447F3DE7B9}.Ad-Hoc|iPhoneSimulator.Build.0 = Ad-Hoc|iPhoneSimulator
		{E789F029-8B45-45ED-8AFE-9F447F3DE7B9}.Ad-Hoc|x64.ActiveCfg = Ad-Hoc|iPhoneSimulator
		{E789F029-8B45-45ED-8AFE-9F447F3DE7B9}.Ad-Hoc|x86.ActiveCfg = Ad-Hoc|iPhoneSimulator
		{E789F029-8B45-45ED-8AFE-9F447F3DE7B9}.AppStore|Any CPU.ActiveCfg = AppStore|iPhoneSimulator
		{E789F029-8B45-45ED-8AFE-9F447F3DE7B9}.AppStore|ARM.ActiveCfg = AppStore|iPhoneSimulator
		{E789F029-8B45-45ED-8AFE-9F447F3DE7B9}.AppStore|ARM64.ActiveCfg = AppStore|iPhoneSimulator
		{E789F029-8B45-45ED-8AFE-9F447F3DE7B9}.AppStore|iPhone.ActiveCfg = AppStore|iPhone
		{E789F029-8B45-45ED-8AFE-9F447F3DE7B9}.AppStore|iPhone.Build.0 = AppStore|iPhone
		{E789F029-8B45-45ED-8AFE-9F447F3DE7B9}.AppStore|iPhoneSimulator.ActiveCfg = AppStore|iPhoneSimulator
		{E789F029-8B45-45ED-8AFE-9F447F3DE7B9}.AppStore|iPhoneSimulator.Build.0 = AppStore|iPhoneSimulator
		{E789F029-8B45-45ED-8AFE-9F447F3DE7B9}.AppStore|x64.ActiveCfg = AppStore|iPhoneSimulator
		{E789F029-8B45-45ED-8AFE-9F447F3DE7B9}.AppStore|x86.ActiveCfg = AppStore|iPhoneSimulator
		{E789F029-8B45-45ED-8AFE-9F447F3DE7B9}.Debug|Any CPU.ActiveCfg = Debug|iPhoneSimulator
		{E789F029-8B45-45ED-8AFE-9F447F3DE7B9}.Debug|ARM.ActiveCfg = Debug|iPhoneSimulator
		{E789F029-8B45-45ED-8AFE-9F447F3DE7B9}.Debug|ARM64.ActiveCfg = Debug|iPhoneSimulator
		{E789F029-8B45-45ED-8AFE-9F447F3DE7B9}.Debug|iPhone.ActiveCfg = Debug|iPhone
		{E789F029-8B45-45ED-8AFE-9F447F3DE7B9}.Debug|iPhone.Build.0 = Debug|iPhone
		{E789F029-8B45-45ED-8AFE-9F447F3DE7B9}.Debug|iPhoneSimulator.ActiveCfg = Debug|iPhoneSimulator
		{E789F029-8B45-45ED-8AFE-9F447F3DE7B9}.Debug|iPhoneSimulator.Build.0 = Debug|iPhoneSimulator
		{E789F029-8B45-45ED-8AFE-9F447F3DE7B9}.Debug|x64.ActiveCfg = Debug|iPhoneSimulator
		{E789F029-8B45-45ED-8AFE-9F447F3DE7B9}.Debug|x86.ActiveCfg = Debug|iPhoneSimulator
		{E789F029-8B45-45ED-8AFE-9F447F3DE7B9}.Release|Any CPU.ActiveCfg = Release|iPhoneSimulator
		{E789F029-8B45-45ED-8AFE-9F447F3DE7B9}.Release|ARM.ActiveCfg = Release|iPhoneSimulator
		{E789F029-8B45-45ED-8AFE-9F447F3DE7B9}.Release|ARM64.ActiveCfg = Release|iPhoneSimulator
		{E789F029-8B45-45ED-8AFE-9F447F3DE7B9}.Release|iPhone.ActiveCfg = Release|iPhone
		{E789F029-8B45-45ED-8AFE-9F447F3DE7B9}.Release|iPhone.Build.0 = Release|iPhone
		{E789F029-8B45-45ED-8AFE-9F447F3DE7B9}.Release|iPhoneSimulator.ActiveCfg = Release|iPhoneSimulator
		{E789F029-8B45-45ED-8AFE-9F447F3DE7B9}.Release|iPhoneSimulator.Build.0 = Release|iPhoneSimulator
		{E789F029-8B45-45ED-8AFE-9F447F3DE7B9}.Release|x64.ActiveCfg = Release|iPhoneSimulator
		{E789F029-8B45-45ED-8AFE-9F447F3DE7B9}.Release|x86.ActiveCfg = Release|iPhoneSimulator
		{8CAF95F4-B634-4B34-88C0-90A9B4770C16}.Ad-Hoc|Any CPU.ActiveCfg = Debug|x86
		{8CAF95F4-B634-4B34-88C0-90A9B4770C16}.Ad-Hoc|Any CPU.Build.0 = Debug|x86
		{8CAF95F4-B634-4B34-88C0-90A9B4770C16}.Ad-Hoc|Any CPU.Deploy.0 = Debug|x86
		{8CAF95F4-B634-4B34-88C0-90A9B4770C16}.Ad-Hoc|ARM.ActiveCfg = Debug|ARM
		{8CAF95F4-B634-4B34-88C0-90A9B4770C16}.Ad-Hoc|ARM.Build.0 = Debug|ARM
		{8CAF95F4-B634-4B34-88C0-90A9B4770C16}.Ad-Hoc|ARM.Deploy.0 = Debug|ARM
		{8CAF95F4-B634-4B34-88C0-90A9B4770C16}.Ad-Hoc|ARM64.ActiveCfg = Debug|ARM64
		{8CAF95F4-B634-4B34-88C0-90A9B4770C16}.Ad-Hoc|ARM64.Build.0 = Debug|ARM64
		{8CAF95F4-B634-4B34-88C0-90A9B4770C16}.Ad-Hoc|ARM64.Deploy.0 = Debug|ARM64
		{8CAF95F4-B634-4B34-88C0-90A9B4770C16}.Ad-Hoc|iPhone.ActiveCfg = Debug|x86
		{8CAF95F4-B634-4B34-88C0-90A9B4770C16}.Ad-Hoc|iPhone.Build.0 = Debug|x86
		{8CAF95F4-B634-4B34-88C0-90A9B4770C16}.Ad-Hoc|iPhone.Deploy.0 = Debug|x86
		{8CAF95F4-B634-4B34-88C0-90A9B4770C16}.Ad-Hoc|iPhoneSimulator.ActiveCfg = Debug|x86
		{8CAF95F4-B634-4B34-88C0-90A9B4770C16}.Ad-Hoc|iPhoneSimulator.Build.0 = Debug|x86
		{8CAF95F4-B634-4B34-88C0-90A9B4770C16}.Ad-Hoc|iPhoneSimulator.Deploy.0 = Debug|x86
		{8CAF95F4-B634-4B34-88C0-90A9B4770C16}.Ad-Hoc|x64.ActiveCfg = Debug|x64
		{8CAF95F4-B634-4B34-88C0-90A9B4770C16}.Ad-Hoc|x64.Build.0 = Debug|x64
		{8CAF95F4-B634-4B34-88C0-90A9B4770C16}.Ad-Hoc|x64.Deploy.0 = Debug|x64
		{8CAF95F4-B634-4B34-88C0-90A9B4770C16}.Ad-Hoc|x86.ActiveCfg = Debug|x86
		{8CAF95F4-B634-4B34-88C0-90A9B4770C16}.Ad-Hoc|x86.Build.0 = Debug|x86
		{8CAF95F4-B634-4B34-88C0-90A9B4770C16}.Ad-Hoc|x86.Deploy.0 = Debug|x86
		{8CAF95F4-B634-4B34-88C0-90A9B4770C16}.AppStore|Any CPU.ActiveCfg = Debug|x86
		{8CAF95F4-B634-4B34-88C0-90A9B4770C16}.AppStore|Any CPU.Build.0 = Debug|x86
		{8CAF95F4-B634-4B34-88C0-90A9B4770C16}.AppStore|Any CPU.Deploy.0 = Debug|x86
		{8CAF95F4-B634-4B34-88C0-90A9B4770C16}.AppStore|ARM.ActiveCfg = Debug|ARM
		{8CAF95F4-B634-4B34-88C0-90A9B4770C16}.AppStore|ARM.Build.0 = Debug|ARM
		{8CAF95F4-B634-4B34-88C0-90A9B4770C16}.AppStore|ARM.Deploy.0 = Debug|ARM
		{8CAF95F4-B634-4B34-88C0-90A9B4770C16}.AppStore|ARM64.ActiveCfg = Debug|ARM64
		{8CAF95F4-B634-4B34-88C0-90A9B4770C16}.AppStore|ARM64.Build.0 = Debug|ARM64
		{8CAF95F4-B634-4B34-88C0-90A9B4770C16}.AppStore|ARM64.Deploy.0 = Debug|ARM64
		{8CAF95F4-B634-4B34-88C0-90A9B4770C16}.AppStore|iPhone.ActiveCfg = Debug|x86
		{8CAF95F4-B634-4B34-88C0-90A9B4770C16}.AppStore|iPhone.Build.0 = Debug|x86
		{8CAF95F4-B634-4B34-88C0-90A9B4770C16}.AppStore|iPhone.Deploy.0 = Debug|x86
		{8CAF95F4-B634-4B34-88C0-90A9B4770C16}.AppStore|iPhoneSimulator.ActiveCfg = Debug|x86
		{8CAF95F4-B634-4B34-88C0-90A9B4770C16}.AppStore|iPhoneSimulator.Build.0 = Debug|x86
		{8CAF95F4-B634-4B34-88C0-90A9B4770C16}.AppStore|iPhoneSimulator.Deploy.0 = Debug|x86
		{8CAF95F4-B634-4B34-88C0-90A9B4770C16}.AppStore|x64.ActiveCfg = Debug|x64
		{8CAF95F4-B634-4B34-88C0-90A9B4770C16}.AppStore|x64.Build.0 = Debug|x64
		{8CAF95F4-B634-4B34-88C0-90A9B4770C16}.AppStore|x64.Deploy.0 = Debug|x64
		{8CAF95F4-B634-4B34-88C0-90A9B4770C16}.AppStore|x86.ActiveCfg = Debug|x86
		{8CAF95F4-B634-4B34-88C0-90A9B4770C16}.AppStore|x86.Build.0 = Debug|x86
		{8CAF95F4-B634-4B34-88C0-90A9B4770C16}.AppStore|x86.Deploy.0 = Debug|x86
		{8CAF95F4-B634-4B34-88C0-90A9B4770C16}.Debug|Any CPU.ActiveCfg = Debug|x86
		{8CAF95F4-B634-4B34-88C0-90A9B4770C16}.Debug|ARM.ActiveCfg = Debug|ARM
		{8CAF95F4-B634-4B34-88C0-90A9B4770C16}.Debug|ARM.Build.0 = Debug|ARM
		{8CAF95F4-B634-4B34-88C0-90A9B4770C16}.Debug|ARM.Deploy.0 = Debug|ARM
		{8CAF95F4-B634-4B34-88C0-90A9B4770C16}.Debug|ARM64.ActiveCfg = Debug|ARM64
		{8CAF95F4-B634-4B34-88C0-90A9B4770C16}.Debug|ARM64.Build.0 = Debug|ARM64
		{8CAF95F4-B634-4B34-88C0-90A9B4770C16}.Debug|ARM64.Deploy.0 = Debug|ARM64
		{8CAF95F4-B634-4B34-88C0-90A9B4770C16}.Debug|iPhone.ActiveCfg = Debug|x86
		{8CAF95F4-B634-4B34-88C0-90A9B4770C16}.Debug|iPhoneSimulator.ActiveCfg = Debug|x86
		{8CAF95F4-B634-4B34-88C0-90A9B4770C16}.Debug|x64.ActiveCfg = Debug|x64
		{8CAF95F4-B634-4B34-88C0-90A9B4770C16}.Debug|x64.Build.0 = Debug|x64
		{8CAF95F4-B634-4B34-88C0-90A9B4770C16}.Debug|x64.Deploy.0 = Debug|x64
		{8CAF95F4-B634-4B34-88C0-90A9B4770C16}.Debug|x86.ActiveCfg = Debug|x86
		{8CAF95F4-B634-4B34-88C0-90A9B4770C16}.Debug|x86.Build.0 = Debug|x86
		{8CAF95F4-B634-4B34-88C0-90A9B4770C16}.Debug|x86.Deploy.0 = Debug|x86
		{8CAF95F4-B634-4B34-88C0-90A9B4770C16}.Release|Any CPU.ActiveCfg = Release|x86
		{8CAF95F4-B634-4B34-88C0-90A9B4770C16}.Release|ARM.ActiveCfg = Release|ARM
		{8CAF95F4-B634-4B34-88C0-90A9B4770C16}.Release|ARM.Build.0 = Release|ARM
		{8CAF95F4-B634-4B34-88C0-90A9B4770C16}.Release|ARM.Deploy.0 = Release|ARM
		{8CAF95F4-B634-4B34-88C0-90A9B4770C16}.Release|ARM64.ActiveCfg = Release|ARM64
		{8CAF95F4-B634-4B34-88C0-90A9B4770C16}.Release|ARM64.Build.0 = Release|ARM64
		{8CAF95F4-B634-4B34-88C0-90A9B4770C16}.Release|ARM64.Deploy.0 = Release|ARM64
		{8CAF95F4-B634-4B34-88C0-90A9B4770C16}.Release|iPhone.ActiveCfg = Release|x86
		{8CAF95F4-B634-4B34-88C0-90A9B4770C16}.Release|iPhoneSimulator.ActiveCfg = Release|x86
		{8CAF95F4-B634-4B34-88C0-90A9B4770C16}.Release|x64.ActiveCfg = Release|x64
		{8CAF95F4-B634-4B34-88C0-90A9B4770C16}.Release|x64.Build.0 = Release|x64
		{8CAF95F4-B634-4B34-88C0-90A9B4770C16}.Release|x64.Deploy.0 = Release|x64
		{8CAF95F4-B634-4B34-88C0-90A9B4770C16}.Release|x86.ActiveCfg = Release|x86
		{8CAF95F4-B634-4B34-88C0-90A9B4770C16}.Release|x86.Build.0 = Release|x86
		{8CAF95F4-B634-4B34-88C0-90A9B4770C16}.Release|x86.Deploy.0 = Release|x86
		{4AAD1503-A1AB-46D0-8C50-E5FD8D15F616}.Ad-Hoc|Any CPU.ActiveCfg = Release|Any CPU
		{4AAD1503-A1AB-46D0-8C50-E5FD8D15F616}.Ad-Hoc|Any CPU.Build.0 = Release|Any CPU
		{4AAD1503-A1AB-46D0-8C50-E5FD8D15F616}.Ad-Hoc|ARM.ActiveCfg = Release|Any CPU
		{4AAD1503-A1AB-46D0-8C50-E5FD8D15F616}.Ad-Hoc|ARM.Build.0 = Release|Any CPU
		{4AAD1503-A1AB-46D0-8C50-E5FD8D15F616}.Ad-Hoc|ARM64.ActiveCfg = Release|Any CPU
		{4AAD1503-A1AB-46D0-8C50-E5FD8D15F616}.Ad-Hoc|ARM64.Build.0 = Release|Any CPU
		{4AAD1503-A1AB-46D0-8C50-E5FD8D15F616}.Ad-Hoc|iPhone.ActiveCfg = Release|Any CPU
		{4AAD1503-A1AB-46D0-8C50-E5FD8D15F616}.Ad-Hoc|iPhone.Build.0 = Release|Any CPU
		{4AAD1503-A1AB-46D0-8C50-E5FD8D15F616}.Ad-Hoc|iPhoneSimulator.ActiveCfg = Release|Any CPU
		{4AAD1503-A1AB-46D0-8C50-E5FD8D15F616}.Ad-Hoc|iPhoneSimulator.Build.0 = Release|Any CPU
		{4AAD1503-A1AB-46D0-8C50-E5FD8D15F616}.Ad-Hoc|x64.ActiveCfg = Release|Any CPU
		{4AAD1503-A1AB-46D0-8C50-E5FD8D15F616}.Ad-Hoc|x64.Build.0 = Release|Any CPU
		{4AAD1503-A1AB-46D0-8C50-E5FD8D15F616}.Ad-Hoc|x86.ActiveCfg = Release|Any CPU
		{4AAD1503-A1AB-46D0-8C50-E5FD8D15F616}.Ad-Hoc|x86.Build.0 = Release|Any CPU
		{4AAD1503-A1AB-46D0-8C50-E5FD8D15F616}.AppStore|Any CPU.ActiveCfg = Release|Any CPU
		{4AAD1503-A1AB-46D0-8C50-E5FD8D15F616}.AppStore|Any CPU.Build.0 = Release|Any CPU
		{4AAD1503-A1AB-46D0-8C50-E5FD8D15F616}.AppStore|ARM.ActiveCfg = Release|Any CPU
		{4AAD1503-A1AB-46D0-8C50-E5FD8D15F616}.AppStore|ARM.Build.0 = Release|Any CPU
		{4AAD1503-A1AB-46D0-8C50-E5FD8D15F616}.AppStore|ARM64.ActiveCfg = Release|Any CPU
		{4AAD1503-A1AB-46D0-8C50-E5FD8D15F616}.AppStore|ARM64.Build.0 = Release|Any CPU
		{4AAD1503-A1AB-46D0-8C50-E5FD8D15F616}.AppStore|iPhone.ActiveCfg = Release|Any CPU
		{4AAD1503-A1AB-46D0-8C50-E5FD8D15F616}.AppStore|iPhone.Build.0 = Release|Any CPU
		{4AAD1503-A1AB-46D0-8C50-E5FD8D15F616}.AppStore|iPhoneSimulator.ActiveCfg = Release|Any CPU
		{4AAD1503-A1AB-46D0-8C50-E5FD8D15F616}.AppStore|iPhoneSimulator.Build.0 = Release|Any CPU
		{4AAD1503-A1AB-46D0-8C50-E5FD8D15F616}.AppStore|x64.ActiveCfg = Release|Any CPU
		{4AAD1503-A1AB-46D0-8C50-E5FD8D15F616}.AppStore|x64.Build.0 = Release|Any CPU
		{4AAD1503-A1AB-46D0-8C50-E5FD8D15F616}.AppStore|x86.ActiveCfg = Release|Any CPU
		{4AAD1503-A1AB-46D0-8C50-E5FD8D15F616}.AppStore|x86.Build.0 = Release|Any CPU
		{4AAD1503-A1AB-46D0-8C50-E5FD8D15F616}.Debug|Any CPU.ActiveCfg = Debug|Any CPU
		{4AAD1503-A1AB-46D0-8C50-E5FD8D15F616}.Debug|Any CPU.Build.0 = Debug|Any CPU
		{4AAD1503-A1AB-46D0-8C50-E5FD8D15F616}.Debug|ARM.ActiveCfg = Debug|Any CPU
		{4AAD1503-A1AB-46D0-8C50-E5FD8D15F616}.Debug|ARM.Build.0 = Debug|Any CPU
		{4AAD1503-A1AB-46D0-8C50-E5FD8D15F616}.Debug|ARM64.ActiveCfg = Debug|Any CPU
		{4AAD1503-A1AB-46D0-8C50-E5FD8D15F616}.Debug|ARM64.Build.0 = Debug|Any CPU
		{4AAD1503-A1AB-46D0-8C50-E5FD8D15F616}.Debug|iPhone.ActiveCfg = Debug|Any CPU
		{4AAD1503-A1AB-46D0-8C50-E5FD8D15F616}.Debug|iPhone.Build.0 = Debug|Any CPU
		{4AAD1503-A1AB-46D0-8C50-E5FD8D15F616}.Debug|iPhoneSimulator.ActiveCfg = Debug|Any CPU
		{4AAD1503-A1AB-46D0-8C50-E5FD8D15F616}.Debug|iPhoneSimulator.Build.0 = Debug|Any CPU
		{4AAD1503-A1AB-46D0-8C50-E5FD8D15F616}.Debug|x64.ActiveCfg = Debug|Any CPU
		{4AAD1503-A1AB-46D0-8C50-E5FD8D15F616}.Debug|x64.Build.0 = Debug|Any CPU
		{4AAD1503-A1AB-46D0-8C50-E5FD8D15F616}.Debug|x86.ActiveCfg = Debug|Any CPU
		{4AAD1503-A1AB-46D0-8C50-E5FD8D15F616}.Debug|x86.Build.0 = Debug|Any CPU
		{4AAD1503-A1AB-46D0-8C50-E5FD8D15F616}.Release|Any CPU.ActiveCfg = Release|Any CPU
		{4AAD1503-A1AB-46D0-8C50-E5FD8D15F616}.Release|Any CPU.Build.0 = Release|Any CPU
		{4AAD1503-A1AB-46D0-8C50-E5FD8D15F616}.Release|ARM.ActiveCfg = Release|Any CPU
		{4AAD1503-A1AB-46D0-8C50-E5FD8D15F616}.Release|ARM.Build.0 = Release|Any CPU
		{4AAD1503-A1AB-46D0-8C50-E5FD8D15F616}.Release|ARM64.ActiveCfg = Release|Any CPU
		{4AAD1503-A1AB-46D0-8C50-E5FD8D15F616}.Release|ARM64.Build.0 = Release|Any CPU
		{4AAD1503-A1AB-46D0-8C50-E5FD8D15F616}.Release|iPhone.ActiveCfg = Release|Any CPU
		{4AAD1503-A1AB-46D0-8C50-E5FD8D15F616}.Release|iPhone.Build.0 = Release|Any CPU
		{4AAD1503-A1AB-46D0-8C50-E5FD8D15F616}.Release|iPhoneSimulator.ActiveCfg = Release|Any CPU
		{4AAD1503-A1AB-46D0-8C50-E5FD8D15F616}.Release|iPhoneSimulator.Build.0 = Release|Any CPU
		{4AAD1503-A1AB-46D0-8C50-E5FD8D15F616}.Release|x64.ActiveCfg = Release|Any CPU
		{4AAD1503-A1AB-46D0-8C50-E5FD8D15F616}.Release|x64.Build.0 = Release|Any CPU
		{4AAD1503-A1AB-46D0-8C50-E5FD8D15F616}.Release|x86.ActiveCfg = Release|Any CPU
		{4AAD1503-A1AB-46D0-8C50-E5FD8D15F616}.Release|x86.Build.0 = Release|Any CPU
		{534ABFB7-2C8D-4AE3-BFF0-63CC22386EEF}.Ad-Hoc|Any CPU.ActiveCfg = Debug|iPhoneSimulator
		{534ABFB7-2C8D-4AE3-BFF0-63CC22386EEF}.Ad-Hoc|Any CPU.Build.0 = Debug|iPhoneSimulator
		{534ABFB7-2C8D-4AE3-BFF0-63CC22386EEF}.Ad-Hoc|ARM.ActiveCfg = Debug|iPhoneSimulator
		{534ABFB7-2C8D-4AE3-BFF0-63CC22386EEF}.Ad-Hoc|ARM.Build.0 = Debug|iPhoneSimulator
		{534ABFB7-2C8D-4AE3-BFF0-63CC22386EEF}.Ad-Hoc|ARM64.ActiveCfg = Debug|iPhoneSimulator
		{534ABFB7-2C8D-4AE3-BFF0-63CC22386EEF}.Ad-Hoc|ARM64.Build.0 = Debug|iPhoneSimulator
		{534ABFB7-2C8D-4AE3-BFF0-63CC22386EEF}.Ad-Hoc|iPhone.ActiveCfg = Debug|iPhoneSimulator
		{534ABFB7-2C8D-4AE3-BFF0-63CC22386EEF}.Ad-Hoc|iPhone.Build.0 = Debug|iPhoneSimulator
		{534ABFB7-2C8D-4AE3-BFF0-63CC22386EEF}.Ad-Hoc|iPhoneSimulator.ActiveCfg = Debug|iPhoneSimulator
		{534ABFB7-2C8D-4AE3-BFF0-63CC22386EEF}.Ad-Hoc|iPhoneSimulator.Build.0 = Debug|iPhoneSimulator
		{534ABFB7-2C8D-4AE3-BFF0-63CC22386EEF}.Ad-Hoc|x64.ActiveCfg = Debug|iPhoneSimulator
		{534ABFB7-2C8D-4AE3-BFF0-63CC22386EEF}.Ad-Hoc|x64.Build.0 = Debug|iPhoneSimulator
		{534ABFB7-2C8D-4AE3-BFF0-63CC22386EEF}.Ad-Hoc|x86.ActiveCfg = Debug|iPhoneSimulator
		{534ABFB7-2C8D-4AE3-BFF0-63CC22386EEF}.Ad-Hoc|x86.Build.0 = Debug|iPhoneSimulator
		{534ABFB7-2C8D-4AE3-BFF0-63CC22386EEF}.AppStore|Any CPU.ActiveCfg = Debug|iPhoneSimulator
		{534ABFB7-2C8D-4AE3-BFF0-63CC22386EEF}.AppStore|Any CPU.Build.0 = Debug|iPhoneSimulator
		{534ABFB7-2C8D-4AE3-BFF0-63CC22386EEF}.AppStore|ARM.ActiveCfg = Debug|iPhoneSimulator
		{534ABFB7-2C8D-4AE3-BFF0-63CC22386EEF}.AppStore|ARM.Build.0 = Debug|iPhoneSimulator
		{534ABFB7-2C8D-4AE3-BFF0-63CC22386EEF}.AppStore|ARM64.ActiveCfg = Debug|iPhoneSimulator
		{534ABFB7-2C8D-4AE3-BFF0-63CC22386EEF}.AppStore|ARM64.Build.0 = Debug|iPhoneSimulator
		{534ABFB7-2C8D-4AE3-BFF0-63CC22386EEF}.AppStore|iPhone.ActiveCfg = Debug|iPhoneSimulator
		{534ABFB7-2C8D-4AE3-BFF0-63CC22386EEF}.AppStore|iPhone.Build.0 = Debug|iPhoneSimulator
		{534ABFB7-2C8D-4AE3-BFF0-63CC22386EEF}.AppStore|iPhoneSimulator.ActiveCfg = Debug|iPhoneSimulator
		{534ABFB7-2C8D-4AE3-BFF0-63CC22386EEF}.AppStore|iPhoneSimulator.Build.0 = Debug|iPhoneSimulator
		{534ABFB7-2C8D-4AE3-BFF0-63CC22386EEF}.AppStore|x64.ActiveCfg = Debug|iPhoneSimulator
		{534ABFB7-2C8D-4AE3-BFF0-63CC22386EEF}.AppStore|x64.Build.0 = Debug|iPhoneSimulator
		{534ABFB7-2C8D-4AE3-BFF0-63CC22386EEF}.AppStore|x86.ActiveCfg = Debug|iPhoneSimulator
		{534ABFB7-2C8D-4AE3-BFF0-63CC22386EEF}.AppStore|x86.Build.0 = Debug|iPhoneSimulator
		{534ABFB7-2C8D-4AE3-BFF0-63CC22386EEF}.Debug|Any CPU.ActiveCfg = Debug|iPhoneSimulator
		{534ABFB7-2C8D-4AE3-BFF0-63CC22386EEF}.Debug|ARM.ActiveCfg = Debug|iPhoneSimulator
		{534ABFB7-2C8D-4AE3-BFF0-63CC22386EEF}.Debug|ARM64.ActiveCfg = Debug|iPhoneSimulator
		{534ABFB7-2C8D-4AE3-BFF0-63CC22386EEF}.Debug|iPhone.ActiveCfg = Debug|iPhoneSimulator
		{534ABFB7-2C8D-4AE3-BFF0-63CC22386EEF}.Debug|iPhoneSimulator.ActiveCfg = Debug|iPhoneSimulator
		{534ABFB7-2C8D-4AE3-BFF0-63CC22386EEF}.Debug|iPhoneSimulator.Build.0 = Debug|iPhoneSimulator
		{534ABFB7-2C8D-4AE3-BFF0-63CC22386EEF}.Debug|x64.ActiveCfg = Debug|iPhoneSimulator
		{534ABFB7-2C8D-4AE3-BFF0-63CC22386EEF}.Debug|x86.ActiveCfg = Debug|iPhoneSimulator
		{534ABFB7-2C8D-4AE3-BFF0-63CC22386EEF}.Release|Any CPU.ActiveCfg = Release|iPhoneSimulator
		{534ABFB7-2C8D-4AE3-BFF0-63CC22386EEF}.Release|ARM.ActiveCfg = Release|iPhoneSimulator
		{534ABFB7-2C8D-4AE3-BFF0-63CC22386EEF}.Release|ARM64.ActiveCfg = Release|iPhoneSimulator
		{534ABFB7-2C8D-4AE3-BFF0-63CC22386EEF}.Release|iPhone.ActiveCfg = Release|iPhoneSimulator
		{534ABFB7-2C8D-4AE3-BFF0-63CC22386EEF}.Release|iPhoneSimulator.ActiveCfg = Release|iPhoneSimulator
		{534ABFB7-2C8D-4AE3-BFF0-63CC22386EEF}.Release|iPhoneSimulator.Build.0 = Release|iPhoneSimulator
		{534ABFB7-2C8D-4AE3-BFF0-63CC22386EEF}.Release|x64.ActiveCfg = Release|iPhoneSimulator
		{534ABFB7-2C8D-4AE3-BFF0-63CC22386EEF}.Release|x86.ActiveCfg = Release|iPhoneSimulator
		{8E51E1C0-D2A5-4680-8888-43B7224C6FC6}.Ad-Hoc|Any CPU.ActiveCfg = Debug|Any CPU
		{8E51E1C0-D2A5-4680-8888-43B7224C6FC6}.Ad-Hoc|Any CPU.Build.0 = Debug|Any CPU
		{8E51E1C0-D2A5-4680-8888-43B7224C6FC6}.Ad-Hoc|ARM.ActiveCfg = Debug|Any CPU
		{8E51E1C0-D2A5-4680-8888-43B7224C6FC6}.Ad-Hoc|ARM.Build.0 = Debug|Any CPU
		{8E51E1C0-D2A5-4680-8888-43B7224C6FC6}.Ad-Hoc|ARM64.ActiveCfg = Debug|Any CPU
		{8E51E1C0-D2A5-4680-8888-43B7224C6FC6}.Ad-Hoc|ARM64.Build.0 = Debug|Any CPU
		{8E51E1C0-D2A5-4680-8888-43B7224C6FC6}.Ad-Hoc|iPhone.ActiveCfg = Debug|Any CPU
		{8E51E1C0-D2A5-4680-8888-43B7224C6FC6}.Ad-Hoc|iPhone.Build.0 = Debug|Any CPU
		{8E51E1C0-D2A5-4680-8888-43B7224C6FC6}.Ad-Hoc|iPhoneSimulator.ActiveCfg = Debug|Any CPU
		{8E51E1C0-D2A5-4680-8888-43B7224C6FC6}.Ad-Hoc|iPhoneSimulator.Build.0 = Debug|Any CPU
		{8E51E1C0-D2A5-4680-8888-43B7224C6FC6}.Ad-Hoc|x64.ActiveCfg = Debug|Any CPU
		{8E51E1C0-D2A5-4680-8888-43B7224C6FC6}.Ad-Hoc|x64.Build.0 = Debug|Any CPU
		{8E51E1C0-D2A5-4680-8888-43B7224C6FC6}.Ad-Hoc|x86.ActiveCfg = Debug|Any CPU
		{8E51E1C0-D2A5-4680-8888-43B7224C6FC6}.Ad-Hoc|x86.Build.0 = Debug|Any CPU
		{8E51E1C0-D2A5-4680-8888-43B7224C6FC6}.AppStore|Any CPU.ActiveCfg = Debug|Any CPU
		{8E51E1C0-D2A5-4680-8888-43B7224C6FC6}.AppStore|Any CPU.Build.0 = Debug|Any CPU
		{8E51E1C0-D2A5-4680-8888-43B7224C6FC6}.AppStore|ARM.ActiveCfg = Debug|Any CPU
		{8E51E1C0-D2A5-4680-8888-43B7224C6FC6}.AppStore|ARM.Build.0 = Debug|Any CPU
		{8E51E1C0-D2A5-4680-8888-43B7224C6FC6}.AppStore|ARM64.ActiveCfg = Debug|Any CPU
		{8E51E1C0-D2A5-4680-8888-43B7224C6FC6}.AppStore|ARM64.Build.0 = Debug|Any CPU
		{8E51E1C0-D2A5-4680-8888-43B7224C6FC6}.AppStore|iPhone.ActiveCfg = Debug|Any CPU
		{8E51E1C0-D2A5-4680-8888-43B7224C6FC6}.AppStore|iPhone.Build.0 = Debug|Any CPU
		{8E51E1C0-D2A5-4680-8888-43B7224C6FC6}.AppStore|iPhoneSimulator.ActiveCfg = Debug|Any CPU
		{8E51E1C0-D2A5-4680-8888-43B7224C6FC6}.AppStore|iPhoneSimulator.Build.0 = Debug|Any CPU
		{8E51E1C0-D2A5-4680-8888-43B7224C6FC6}.AppStore|x64.ActiveCfg = Debug|Any CPU
		{8E51E1C0-D2A5-4680-8888-43B7224C6FC6}.AppStore|x64.Build.0 = Debug|Any CPU
		{8E51E1C0-D2A5-4680-8888-43B7224C6FC6}.AppStore|x86.ActiveCfg = Debug|Any CPU
		{8E51E1C0-D2A5-4680-8888-43B7224C6FC6}.AppStore|x86.Build.0 = Debug|Any CPU
		{8E51E1C0-D2A5-4680-8888-43B7224C6FC6}.Debug|Any CPU.ActiveCfg = Debug|Any CPU
		{8E51E1C0-D2A5-4680-8888-43B7224C6FC6}.Debug|Any CPU.Build.0 = Debug|Any CPU
		{8E51E1C0-D2A5-4680-8888-43B7224C6FC6}.Debug|ARM.ActiveCfg = Debug|Any CPU
		{8E51E1C0-D2A5-4680-8888-43B7224C6FC6}.Debug|ARM.Build.0 = Debug|Any CPU
		{8E51E1C0-D2A5-4680-8888-43B7224C6FC6}.Debug|ARM64.ActiveCfg = Debug|Any CPU
		{8E51E1C0-D2A5-4680-8888-43B7224C6FC6}.Debug|ARM64.Build.0 = Debug|Any CPU
		{8E51E1C0-D2A5-4680-8888-43B7224C6FC6}.Debug|iPhone.ActiveCfg = Debug|Any CPU
		{8E51E1C0-D2A5-4680-8888-43B7224C6FC6}.Debug|iPhone.Build.0 = Debug|Any CPU
		{8E51E1C0-D2A5-4680-8888-43B7224C6FC6}.Debug|iPhoneSimulator.ActiveCfg = Debug|Any CPU
		{8E51E1C0-D2A5-4680-8888-43B7224C6FC6}.Debug|iPhoneSimulator.Build.0 = Debug|Any CPU
		{8E51E1C0-D2A5-4680-8888-43B7224C6FC6}.Debug|x64.ActiveCfg = Debug|Any CPU
		{8E51E1C0-D2A5-4680-8888-43B7224C6FC6}.Debug|x64.Build.0 = Debug|Any CPU
		{8E51E1C0-D2A5-4680-8888-43B7224C6FC6}.Debug|x86.ActiveCfg = Debug|Any CPU
		{8E51E1C0-D2A5-4680-8888-43B7224C6FC6}.Debug|x86.Build.0 = Debug|Any CPU
		{8E51E1C0-D2A5-4680-8888-43B7224C6FC6}.Release|Any CPU.ActiveCfg = Release|Any CPU
		{8E51E1C0-D2A5-4680-8888-43B7224C6FC6}.Release|Any CPU.Build.0 = Release|Any CPU
		{8E51E1C0-D2A5-4680-8888-43B7224C6FC6}.Release|ARM.ActiveCfg = Release|Any CPU
		{8E51E1C0-D2A5-4680-8888-43B7224C6FC6}.Release|ARM.Build.0 = Release|Any CPU
		{8E51E1C0-D2A5-4680-8888-43B7224C6FC6}.Release|ARM64.ActiveCfg = Release|Any CPU
		{8E51E1C0-D2A5-4680-8888-43B7224C6FC6}.Release|ARM64.Build.0 = Release|Any CPU
		{8E51E1C0-D2A5-4680-8888-43B7224C6FC6}.Release|iPhone.ActiveCfg = Release|Any CPU
		{8E51E1C0-D2A5-4680-8888-43B7224C6FC6}.Release|iPhone.Build.0 = Release|Any CPU
		{8E51E1C0-D2A5-4680-8888-43B7224C6FC6}.Release|iPhoneSimulator.ActiveCfg = Release|Any CPU
		{8E51E1C0-D2A5-4680-8888-43B7224C6FC6}.Release|iPhoneSimulator.Build.0 = Release|Any CPU
		{8E51E1C0-D2A5-4680-8888-43B7224C6FC6}.Release|x64.ActiveCfg = Release|Any CPU
		{8E51E1C0-D2A5-4680-8888-43B7224C6FC6}.Release|x64.Build.0 = Release|Any CPU
		{8E51E1C0-D2A5-4680-8888-43B7224C6FC6}.Release|x86.ActiveCfg = Release|Any CPU
		{8E51E1C0-D2A5-4680-8888-43B7224C6FC6}.Release|x86.Build.0 = Release|Any CPU
	EndGlobalSection
	GlobalSection(SolutionProperties) = preSolution
		HideSolutionNode = FALSE
	EndGlobalSection
	GlobalSection(NestedProjects) = preSolution
		{F219901B-0664-414F-9FFF-F77F0B587FF3} = {BB963EF1-915F-45AB-9681-DF3963A8EF22}
		{E789F029-8B45-45ED-8AFE-9F447F3DE7B9} = {BB963EF1-915F-45AB-9681-DF3963A8EF22}
		{8CAF95F4-B634-4B34-88C0-90A9B4770C16} = {BB963EF1-915F-45AB-9681-DF3963A8EF22}
		{4AAD1503-A1AB-46D0-8C50-E5FD8D15F616} = {BB963EF1-915F-45AB-9681-DF3963A8EF22}
		{534ABFB7-2C8D-4AE3-BFF0-63CC22386EEF} = {BB963EF1-915F-45AB-9681-DF3963A8EF22}
	EndGlobalSection
	GlobalSection(ExtensibilityGlobals) = postSolution
		SolutionGuid = {5F1BFAC5-B1D0-429A-BEB5-DA38B93FC36C}
	EndGlobalSection
EndGlobal
